Microsoft Visual Studio Solution File, Format Version 12.00
# Visual Studio Version 17
VisualStudioVersion = 17.5.2.0
MinimumVisualStudioVersion = 10.0.40219.1
Project("{FAE04EC0-301F-11D3-BF4B-00C04F79EFBC}") = "arrastre-archivos", "arrastre-archivos.csproj", "{7885E3C6-DF27-0479-86FC-589C9A9263EA}"
EndProject
Global
	GlobalSection(SolutionConfigurationPlatforms) = preSolution
		Debug|Any CPU = Debug|Any CPU
		Release|Any CPU = Release|Any CPU
	EndGlobalSection
	GlobalSection(ProjectConfigurationPlatforms) = postSolution
		{7885E3C6-DF27-0479-86FC-589C9A9263EA}.Debug|Any CPU.ActiveCfg = Debug|Any CPU
		{7885E3C6-DF27-0479-86FC-589C9A9263EA}.Debug|Any CPU.Build.0 = Debug|Any CPU
		{7885E3C6-DF27-0479-86FC-589C9A9263EA}.Release|Any CPU.ActiveCfg = Release|Any CPU
		{7885E3C6-DF27-0479-86FC-589C9A9263EA}.Release|Any CPU.Build.0 = Release|Any CPU
	EndGlobalSection
	GlobalSection(SolutionProperties) = preSolution
		HideSolutionNode = FALSE
	EndGlobalSection
	GlobalSection(ExtensibilityGlobals) = postSolution
		SolutionGuid = {A77C74C0-1B6D-48A8-8F62-B18E226CECED}
	EndGlobalSection
EndGlobal
